
Microsoft Visual Studio Solution File, Format Version 12.00
# Visual Studio Version 16
VisualStudioVersion = 16.0.33529.622
MinimumVisualStudioVersion = 10.0.40219.1
Project("{9A19103F-16F7-4668-BE54-9A1E7A4F7556}") = "ConsoleWork", "ConsoleWork.csproj", "{1056201F-B756-47B5-AD59-99A61454A954}"
EndProject
Global
	GlobalSection(SolutionConfigurationPlatforms) = preSolution
		Debug|Any CPU = Debug|Any CPU
		Release|Any CPU = Release|Any CPU
	EndGlobalSection
	GlobalSection(ProjectConfigurationPlatforms) = postSolution
		{1056201F-B756-47B5-AD59-99A61454A954}.Debug|Any CPU.ActiveCfg = Debug|Any CPU
		{1056201F-B756-47B5-AD59-99A61454A954}.Debug|Any CPU.Build.0 = Debug|Any CPU
		{1056201F-B756-47B5-AD59-99A61454A954}.Release|Any CPU.ActiveCfg = Release|Any CPU
		{1056201F-B756-47B5-AD59-99A61454A954}.Release|Any CPU.Build.0 = Release|Any CPU
	EndGlobalSection
	GlobalSection(SolutionProperties) = preSolution
		HideSolutionNode = FALSE
	EndGlobalSection
	GlobalSection(ExtensibilityGlobals) = postSolution
		SolutionGuid = {8A8194D0-C919-4A3F-98BE-6B22C70FCE64}
	EndGlobalSection
EndGlobal
